
Microsoft Visual Studio Solution File, Format Version 12.00
# Visual Studio Version 17
VisualStudioVersion = 17.5.002.0
MinimumVisualStudioVersion = 10.0.40219.1
Project("{9A19103F-16F7-4668-BE54-9A1E7A4F7556}") = "tl2-tp1-2024-OgaitnaSZ", "tl2-tp1-2024-OgaitnaSZ.csproj", "{F62B7BF8-455C-4E48-997D-D5F088A33720}"
EndProject
Global
	GlobalSection(SolutionConfigurationPlatforms) = preSolution
		Debug|Any CPU = Debug|Any CPU
		Release|Any CPU = Release|Any CPU
	EndGlobalSection
	GlobalSection(ProjectConfigurationPlatforms) = postSolution
		{F62B7BF8-455C-4E48-997D-D5F088A33720}.Debug|Any CPU.ActiveCfg = Debug|Any CPU
		{F62B7BF8-455C-4E48-997D-D5F088A33720}.Debug|Any CPU.Build.0 = Debug|Any CPU
		{F62B7BF8-455C-4E48-997D-D5F088A33720}.Release|Any CPU.ActiveCfg = Release|Any CPU
		{F62B7BF8-455C-4E48-997D-D5F088A33720}.Release|Any CPU.Build.0 = Release|Any CPU
	EndGlobalSection
	GlobalSection(SolutionProperties) = preSolution
		HideSolutionNode = FALSE
	EndGlobalSection
	GlobalSection(ExtensibilityGlobals) = postSolution
		SolutionGuid = {E9100452-9407-4764-8E9B-F579A8ADAEC5}
	EndGlobalSection
EndGlobal
